
Microsoft Visual Studio Solution File, Format Version 12.00
# Visual Studio Version 16
VisualStudioVersion = 16.0.31005.135
MinimumVisualStudioVersion = 10.0.40219.1
Project("{FAE04EC0-301F-11D3-BF4B-00C04F79EFBC}") = "TodoItems2", "TodoItems2\TodoItems2.csproj", "{6BDCF18A-4892-4CBC-A90C-EDE912489398}"
EndProject
Global
	GlobalSection(SolutionConfigurationPlatforms) = preSolution
		Debug|Any CPU = Debug|Any CPU
		Release|Any CPU = Release|Any CPU
	EndGlobalSection
	GlobalSection(ProjectConfigurationPlatforms) = postSolution
		{6BDCF18A-4892-4CBC-A90C-EDE912489398}.Debug|Any CPU.ActiveCfg = Debug|Any CPU
		{6BDCF18A-4892-4CBC-A90C-EDE912489398}.Debug|Any CPU.Build.0 = Debug|Any CPU
		{6BDCF18A-4892-4CBC-A90C-EDE912489398}.Release|Any CPU.ActiveCfg = Release|Any CPU
		{6BDCF18A-4892-4CBC-A90C-EDE912489398}.Release|Any CPU.Build.0 = Release|Any CPU
	EndGlobalSection
	GlobalSection(SolutionProperties) = preSolution
		HideSolutionNode = FALSE
	EndGlobalSection
	GlobalSection(ExtensibilityGlobals) = postSolution
		SolutionGuid = {17FA4087-02ED-4309-8CB5-95D39B7C1F60}
	EndGlobalSection
EndGlobal
